PODS:
  - Flutter (1.0.0)
  - runanywhere_mlx (0.20.18):
    - Flutter

DEPENDENCIES:
  - Flutter (from `Flutter`)
  - runanywhere_mlx (from `.symlinks/plugins/runanywhere_mlx/ios`)

EXTERNAL SOURCES:
  Flutter:
    :path: Flutter
  runanywhere_mlx:
    :path: ".symlinks/plugins/runanywhere_mlx/ios"

SPEC CHECKSUMS:
  Flutter: cabc95a1d2626b1b06e7179b784ebcf0c0cde467
  runanywhere_mlx: 74fd75dd6238dc3e6edd052c1989596633648abb

PODFILE CHECKSUM: 12a813cc5ba62a880a59f1d9a40b51d3388a6c46

COCOAPODS: 1.16.2
